
Microsoft Visual Studio Solution File, Format Version 12.00
Project("{FAE04EC0-301F-11D3-BF4B-00C04F79EFBC}") = "Turnbase.Tests", "Turnbase.Tests\Turnbase.Tests.csproj", "{C931F5ED-C2CD-459D-ABF1-1718AD3FF422}"
EndProject
Global
	GlobalSection(SolutionConfigurationPlatforms) = preSolution
		Debug|Any CPU = Debug|Any CPU
		Release|Any CPU = Release|Any CPU
	EndGlobalSection
	GlobalSection(ProjectConfigurationPlatforms) = postSolution
		{C931F5ED-C2CD-459D-ABF1-1718AD3FF422}.Debug|Any CPU.ActiveCfg = Debug|Any CPU
		{C931F5ED-C2CD-459D-ABF1-1718AD3FF422}.Debug|Any CPU.Build.0 = Debug|Any CPU
		{C931F5ED-C2CD-459D-ABF1-1718AD3FF422}.Release|Any CPU.ActiveCfg = Release|Any CPU
		{C931F5ED-C2CD-459D-ABF1-1718AD3FF422}.Release|Any CPU.Build.0 = Release|Any CPU
	EndGlobalSection
EndGlobal
